
Microsoft Visual Studio Solution File, Format Version 12.00
# Visual Studio Version 17
VisualStudioVersion = 17.13.35931.197 d17.13
MinimumVisualStudioVersion = 10.0.40219.1
Project("{8BC9CEB8-8B4A-11D0-8D11-00A0C91BC942}") = "10daysGameJam", "10daysGameJam.vcxproj", "{836E3F1E-1F21-408C-AD9F-D1C40746B55D}"
EndProject
Global
	GlobalSection(SolutionConfigurationPlatforms) = preSolution
		Debug|x64 = Debug|x64
		Develop|x64 = Develop|x64
		Release|x64 = Release|x64
	EndGlobalSection
	GlobalSection(ProjectConfigurationPlatforms) = postSolution
		{836E3F1E-1F21-408C-AD9F-D1C40746B55D}.Debug|x64.ActiveCfg = Debug|x64
		{836E3F1E-1F21-408C-AD9F-D1C40746B55D}.Debug|x64.Build.0 = Debug|x64
		{836E3F1E-1F21-408C-AD9F-D1C40746B55D}.Develop|x64.ActiveCfg = Develop|x64
		{836E3F1E-1F21-408C-AD9F-D1C40746B55D}.Develop|x64.Build.0 = Develop|x64
		{836E3F1E-1F21-408C-AD9F-D1C40746B55D}.Release|x64.ActiveCfg = Release|x64
		{836E3F1E-1F21-408C-AD9F-D1C40746B55D}.Release|x64.Build.0 = Release|x64
	EndGlobalSection
	GlobalSection(SolutionProperties) = preSolution
		HideSolutionNode = FALSE
	EndGlobalSection
	GlobalSection(ExtensibilityGlobals) = postSolution
		SolutionGuid = {16C78F18-DE56-4F78-8580-F0518320ECD7}
	EndGlobalSection
EndGlobal
